
Microsoft Visual Studio Solution File, Format Version 12.00
# Visual Studio Version 17
VisualStudioVersion = 17.1.32414.318
MinimumVisualStudioVersion = 10.0.40219.1
Project("{2150E333-8FDC-42A3-9474-1A3956D46DE8}") = "Services", "Services", "{9E66D038-F285-41D7-B183-4AA1D306B873}"
EndProject
Project("{9A19103F-16F7-4668-BE54-9A1E7A4F7556}") = "Contact.API", "Services\ContactAPI\Contact.API\Contact.API.csproj", "{448F029A-950E-438E-86C6-B163E32B5BA5}"
EndProject
Project("{2150E333-8FDC-42A3-9474-1A3956D46DE8}") = "ContactAPI", "ContactAPI", "{D5CB87B8-7071-4AFA-A0AC-6C8BDB3F5DB4}"
EndProject
Project("{2150E333-8FDC-42A3-9474-1A3956D46DE8}") = "ReservationAPI", "ReservationAPI", "{A294597D-D26F-4955-813D-13F0E81975B9}"
EndProject
Project("{9A19103F-16F7-4668-BE54-9A1E7A4F7556}") = "Contact.API.Infrastructure", "Services\ContactAPI\Contact.API.Infrastructure\Contact.API.Infrastructure.csproj", "{55C186D9-4982-4986-933A-AD9F2FA65B2E}"
EndProject
Project("{9A19103F-16F7-4668-BE54-9A1E7A4F7556}") = "Contact.API.Models", "Services\ContactAPI\Contact.API.Models\Contact.API.Models.csproj", "{5FD7A7FE-2631-4DB0-BA84-664F7EF3BDAD}"
EndProject
Project("{9A19103F-16F7-4668-BE54-9A1E7A4F7556}") = "Contact.API.Services", "Services\ContactAPI\Contact.API.Services\Contact.API.Services.csproj", "{63BC14A9-3A78-4A7D-8EBF-6B085E24FE4F}"
EndProject
Project("{9A19103F-16F7-4668-BE54-9A1E7A4F7556}") = "Reservation.API", "Services\ResAPI\Reservation.API\Reservation.API.csproj", "{E9D559EB-8AF4-40B8-98BF-9F6E580C640A}"
EndProject
Project("{9A19103F-16F7-4668-BE54-9A1E7A4F7556}") = "Reservation.API.Infrastructure", "Services\ResAPI\Reservation.API.Infrastructure\Reservation.API.Infrastructure.csproj", "{830A5FBE-7212-4BE7-806F-36422BA85E4B}"
EndProject
Project("{9A19103F-16F7-4668-BE54-9A1E7A4F7556}") = "Reservation.API.Services", "Services\ResAPI\Reservarion.API.Services\Reservation.API.Services.csproj", "{04CED94A-B79A-474F-90AF-CF3AFFF8ADE5}"
EndProject
Project("{9A19103F-16F7-4668-BE54-9A1E7A4F7556}") = "Reservation.API.Models", "Services\ResAPI\Reservation.API.Models\Reservation.API.Models.csproj", "{4C9C199C-2562-4984-A2A0-373965F4BBF8}"
EndProject
Project("{9A19103F-16F7-4668-BE54-9A1E7A4F7556}") = "APIGateway", "APIGateway\APIGateway.csproj", "{5DC6015E-9D54-4690-BF63-C4ABABE27C82}"
EndProject
Project("{9A19103F-16F7-4668-BE54-9A1E7A4F7556}") = "Contact.APITest", "Services\ContactAPI\Contact.APITest\Contact.APITest.csproj", "{80A6267E-B114-4687-A68B-03FC1C59041E}"
EndProject
Project("{2150E333-8FDC-42A3-9474-1A3956D46DE8}") = "Solution Items", "Solution Items", "{4BDEDEB1-3838-43C2-839D-5CF9B43B1D7C}"
	ProjectSection(SolutionItems) = preProject
		cocker-compose.yml = cocker-compose.yml
	EndProjectSection
EndProject
Global
	GlobalSection(SolutionConfigurationPlatforms) = preSolution
		Debug|Any CPU = Debug|Any CPU
		Release|Any CPU = Release|Any CPU
	EndGlobalSection
	GlobalSection(ProjectConfigurationPlatforms) = postSolution
		{448F029A-950E-438E-86C6-B163E32B5BA5}.Debug|Any CPU.ActiveCfg = Debug|Any CPU
		{448F029A-950E-438E-86C6-B163E32B5BA5}.Debug|Any CPU.Build.0 = Debug|Any CPU
		{448F029A-950E-438E-86C6-B163E32B5BA5}.Release|Any CPU.ActiveCfg = Release|Any CPU
		{448F029A-950E-438E-86C6-B163E32B5BA5}.Release|Any CPU.Build.0 = Release|Any CPU
		{55C186D9-4982-4986-933A-AD9F2FA65B2E}.Debug|Any CPU.ActiveCfg = Debug|Any CPU
		{55C186D9-4982-4986-933A-AD9F2FA65B2E}.Debug|Any CPU.Build.0 = Debug|Any CPU
		{55C186D9-4982-4986-933A-AD9F2FA65B2E}.Release|Any CPU.ActiveCfg = Release|Any CPU
		{55C186D9-4982-4986-933A-AD9F2FA65B2E}.Release|Any CPU.Build.0 = Release|Any CPU
		{5FD7A7FE-2631-4DB0-BA84-664F7EF3BDAD}.Debug|Any CPU.ActiveCfg = Debug|Any CPU
		{5FD7A7FE-2631-4DB0-BA84-664F7EF3BDAD}.Debug|Any CPU.Build.0 = Debug|Any CPU
		{5FD7A7FE-2631-4DB0-BA84-664F7EF3BDAD}.Release|Any CPU.ActiveCfg = Release|Any CPU
		{5FD7A7FE-2631-4DB0-BA84-664F7EF3BDAD}.Release|Any CPU.Build.0 = Release|Any CPU
		{63BC14A9-3A78-4A7D-8EBF-6B085E24FE4F}.Debug|Any CPU.ActiveCfg = Debug|Any CPU
		{63BC14A9-3A78-4A7D-8EBF-6B085E24FE4F}.Debug|Any CPU.Build.0 = Debug|Any CPU
		{63BC14A9-3A78-4A7D-8EBF-6B085E24FE4F}.Release|Any CPU.ActiveCfg = Release|Any CPU
		{63BC14A9-3A78-4A7D-8EBF-6B085E24FE4F}.Release|Any CPU.Build.0 = Release|Any CPU
		{E9D559EB-8AF4-40B8-98BF-9F6E580C640A}.Debug|Any CPU.ActiveCfg = Debug|Any CPU
		{E9D559EB-8AF4-40B8-98BF-9F6E580C640A}.Debug|Any CPU.Build.0 = Debug|Any CPU
		{E9D559EB-8AF4-40B8-98BF-9F6E580C640A}.Release|Any CPU.ActiveCfg = Release|Any CPU
		{E9D559EB-8AF4-40B8-98BF-9F6E580C640A}.Release|Any CPU.Build.0 = Release|Any CPU
		{830A5FBE-7212-4BE7-806F-36422BA85E4B}.Debug|Any CPU.ActiveCfg = Debug|Any CPU
		{830A5FBE-7212-4BE7-806F-36422BA85E4B}.Debug|Any CPU.Build.0 = Debug|Any CPU
		{830A5FBE-7212-4BE7-806F-36422BA85E4B}.Release|Any CPU.ActiveCfg = Release|Any CPU
		{830A5FBE-7212-4BE7-806F-36422BA85E4B}.Release|Any CPU.Build.0 = Release|Any CPU
		{04CED94A-B79A-474F-90AF-CF3AFFF8ADE5}.Debug|Any CPU.ActiveCfg = Debug|Any CPU
		{04CED94A-B79A-474F-90AF-CF3AFFF8ADE5}.Debug|Any CPU.Build.0 = Debug|Any CPU
		{04CED94A-B79A-474F-90AF-CF3AFFF8ADE5}.Release|Any CPU.ActiveCfg = Release|Any CPU
		{04CED94A-B79A-474F-90AF-CF3AFFF8ADE5}.Release|Any CPU.Build.0 = Release|Any CPU
		{4C9C199C-2562-4984-A2A0-373965F4BBF8}.Debug|Any CPU.ActiveCfg = Debug|Any CPU
		{4C9C199C-2562-4984-A2A0-373965F4BBF8}.Debug|Any CPU.Build.0 = Debug|Any CPU
		{4C9C199C-2562-4984-A2A0-373965F4BBF8}.Release|Any CPU.ActiveCfg = Release|Any CPU
		{4C9C199C-2562-4984-A2A0-373965F4BBF8}.Release|Any CPU.Build.0 = Release|Any CPU
		{5DC6015E-9D54-4690-BF63-C4ABABE27C82}.Debug|Any CPU.ActiveCfg = Debug|Any CPU
		{5DC6015E-9D54-4690-BF63-C4ABABE27C82}.Debug|Any CPU.Build.0 = Debug|Any CPU
		{5DC6015E-9D54-4690-BF63-C4ABABE27C82}.Release|Any CPU.ActiveCfg = Release|Any CPU
		{5DC6015E-9D54-4690-BF63-C4ABABE27C82}.Release|Any CPU.Build.0 = Release|Any CPU
		{80A6267E-B114-4687-A68B-03FC1C59041E}.Debug|Any CPU.ActiveCfg = Debug|Any CPU
		{80A6267E-B114-4687-A68B-03FC1C59041E}.Debug|Any CPU.Build.0 = Debug|Any CPU
		{80A6267E-B114-4687-A68B-03FC1C59041E}.Release|Any CPU.ActiveCfg = Release|Any CPU
		{80A6267E-B114-4687-A68B-03FC1C59041E}.Release|Any CPU.Build.0 = Release|Any CPU
	EndGlobalSection
	GlobalSection(SolutionProperties) = preSolution
		HideSolutionNode = FALSE
	EndGlobalSection
	GlobalSection(NestedProjects) = preSolution
		{448F029A-950E-438E-86C6-B163E32B5BA5} = {D5CB87B8-7071-4AFA-A0AC-6C8BDB3F5DB4}
		{D5CB87B8-7071-4AFA-A0AC-6C8BDB3F5DB4} = {9E66D038-F285-41D7-B183-4AA1D306B873}
		{A294597D-D26F-4955-813D-13F0E81975B9} = {9E66D038-F285-41D7-B183-4AA1D306B873}
		{55C186D9-4982-4986-933A-AD9F2FA65B2E} = {D5CB87B8-7071-4AFA-A0AC-6C8BDB3F5DB4}
		{5FD7A7FE-2631-4DB0-BA84-664F7EF3BDAD} = {D5CB87B8-7071-4AFA-A0AC-6C8BDB3F5DB4}
		{63BC14A9-3A78-4A7D-8EBF-6B085E24FE4F} = {D5CB87B8-7071-4AFA-A0AC-6C8BDB3F5DB4}
		{E9D559EB-8AF4-40B8-98BF-9F6E580C640A} = {A294597D-D26F-4955-813D-13F0E81975B9}
		{830A5FBE-7212-4BE7-806F-36422BA85E4B} = {A294597D-D26F-4955-813D-13F0E81975B9}
		{04CED94A-B79A-474F-90AF-CF3AFFF8ADE5} = {A294597D-D26F-4955-813D-13F0E81975B9}
		{4C9C199C-2562-4984-A2A0-373965F4BBF8} = {A294597D-D26F-4955-813D-13F0E81975B9}
		{80A6267E-B114-4687-A68B-03FC1C59041E} = {D5CB87B8-7071-4AFA-A0AC-6C8BDB3F5DB4}
	EndGlobalSection
	GlobalSection(ExtensibilityGlobals) = postSolution
		SolutionGuid = {80AA9FCC-81B7-4B67-84BD-B4E8EF6BE18B}
	EndGlobalSection
EndGlobal
